// !$*UTF8*$!
{
	archiveVersion = 1;
	classes = {
	};
	objectVersion = 56;
	objects = {

/* Begin PBXBuildFile section */
		6E9D24C12E34B4CC004C9A4B /* QTuneApp.swift in Sources */ = {isa = PBXBuildFile; fileRef = 6E9D24C02E34B4CC004C9A4B /* QTuneApp.swift */; };
		6E9D24C32E34B4CC004C9A4B /* ContentView.swift in Sources */ = {isa = PBXBuildFile; fileRef = 6E9D24C22E34B4CC004C9A4B /* ContentView.swift */; };
		6E9D24C52E34B4CE004C9A4B /* Assets.xcassets in Resources */ = {isa = PBXBuildFile; fileRef = 6E9D24C42E34B4CE004C9A4B /* Assets.xcassets */; };
		6E9D24C82E34B4CE004C9A4B /* Preview Assets.xcassets in Resources */ = {isa = PBXBuildFile; fileRef = 6E9D24C72E34B4CE004C9A4B /* Preview Assets.xcassets */; };
		6E9D24D22E34B4CE004C9A4B /* QTuneTests.swift in Sources */ = {isa = PBXBuildFile; fileRef = 6E9D24D12E34B4CE004C9A4B /* QTuneTests.swift */; };
		6E9D24DC2E34B4CE004C9A4B /* QTuneUITests.swift in Sources */ = {isa = PBXBuildFile; fileRef = 6E9D24DB2E34B4CE004C9A4B /* QTuneUITests.swift */; };
		6E9D24DE2E34B4CE004C9A4B /* QTuneUITestsLaunchTests.swift in Sources */ = {isa = PBXBuildFile; fileRef = 6E9D24DD2E34B4CE004C9A4B /* QTuneUITestsLaunchTests.swift */; };
		6E9D24ED2E34BDE8004C9A4B /* RequestVerseState.swift in Sources */ = {isa = PBXBuildFile; fileRef = 6E9D24EC2E34BDE8004C9A4B /* RequestVerseState.swift */; };
		6E9D24EF2E34BDFA004C9A4B /* RequestVerseAction.swift in Sources */ = {isa = PBXBuildFile; fileRef = 6E9D24EE2E34BDFA004C9A4B /* RequestVerseAction.swift */; };
		6E9D24F12E34BEEF004C9A4B /* RequestVerseViewModel.swift in Sources */ = {isa = PBXBuildFile; fileRef = 6E9D24F02E34BEEF004C9A4B /* RequestVerseViewModel.swift */; };
		6E9D24F32E34BF05004C9A4B /* RequestVerseEffect.swift in Sources */ = {isa = PBXBuildFile; fileRef = 6E9D24F22E34BF05004C9A4B /* RequestVerseEffect.swift */; };
		6E9D24F82E34C003004C9A4B /* GenerateVerseUseCase.swift in Sources */ = {isa = PBXBuildFile; fileRef = 6E9D24F72E34C003004C9A4B /* GenerateVerseUseCase.swift */; };
		6E9D24FB2E34C0FB004C9A4B /* Verse.swift in Sources */ = {isa = PBXBuildFile; fileRef = 6E9D24FA2E34C0FB004C9A4B /* Verse.swift */; };
		6E9D24FD2E34C11D004C9A4B /* QT.swift in Sources */ = {isa = PBXBuildFile; fileRef = 6E9D24FC2E34C11D004C9A4B /* QT.swift */; };
		6E9D24FF2E34C454004C9A4B /* GeneratedVerse.swift in Sources */ = {isa = PBXBuildFile; fileRef = 6E9D24FE2E34C454004C9A4B /* GeneratedVerse.swift */; };
		6E9D25012E34C68C004C9A4B /* RequestVerseView.swift in Sources */ = {isa = PBXBuildFile; fileRef = 6E9D25002E34C68C004C9A4B /* RequestVerseView.swift */; };
		6E9D25052E34C905004C9A4B /* GenerateVerseInteractor.swift in Sources */ = {isa = PBXBuildFile; fileRef = 6E9D25042E34C905004C9A4B /* GenerateVerseInteractor.swift */; };
		6E9D25082E34C93C004C9A4B /* VerseRepository.swift in Sources */ = {isa = PBXBuildFile; fileRef = 6E9D25072E34C93C004C9A4B /* VerseRepository.swift */; };
		6E9D250D2E34C989004C9A4B /* DefaultVerseRepository.swift in Sources */ = {isa = PBXBuildFile; fileRef = 6E9D250C2E34C989004C9A4B /* DefaultVerseRepository.swift */; };
/* End PBXBuildFile section */

/* Begin PBXContainerItemProxy section */
		6E9D24CE2E34B4CE004C9A4B /* PBXContainerItemProxy */ = {
			isa = PBXContainerItemProxy;
			containerPortal = 6E9D24B52E34B4CC004C9A4B /* Project object */;
			proxyType = 1;
			remoteGlobalIDString = 6E9D24BC2E34B4CC004C9A4B;
			remoteInfo = QTune;
		};
		6E9D24D82E34B4CE004C9A4B /* PBXContainerItemProxy */ = {
			isa = PBXContainerItemProxy;
			containerPortal = 6E9D24B52E34B4CC004C9A4B /* Project object */;
			proxyType = 1;
			remoteGlobalIDString = 6E9D24BC2E34B4CC004C9A4B;
			remoteInfo = QTune;
		};
/* End PBXContainerItemProxy section */

/* Begin PBXFileReference section */
		6E9D24BD2E34B4CC004C9A4B /* QTune.app */ = {isa = PBXFileReference; explicitFileType = wrapper.application; includeInIndex = 0; path = QTune.app; sourceTree = BUILT_PRODUCTS_DIR; };
		6E9D24C02E34B4CC004C9A4B /* QTuneApp.swift */ = {isa = PBXFileReference; lastKnownFileType = sourcecode.swift; path = QTuneApp.swift; sourceTree = "<group>"; };
		6E9D24C22E34B4CC004C9A4B /* ContentView.swift */ = {isa = PBXFileReference; lastKnownFileType = sourcecode.swift; path = ContentView.swift; sourceTree = "<group>"; };
		6E9D24C42E34B4CE004C9A4B /* Assets.xcassets */ = {isa = PBXFileReference; lastKnownFileType = folder.assetcatalog; path = Assets.xcassets; sourceTree = "<group>"; };
		6E9D24C72E34B4CE004C9A4B /* Preview Assets.xcassets */ = {isa = PBXFileReference; lastKnownFileType = folder.assetcatalog; path = "Preview Assets.xcassets"; sourceTree = "<group>"; };
		6E9D24CD2E34B4CE004C9A4B /* QTuneTests.xctest */ = {isa = PBXFileReference; explicitFileType = wrapper.cfbundle; includeInIndex = 0; path = QTuneTests.xctest; sourceTree = BUILT_PRODUCTS_DIR; };
		6E9D24D12E34B4CE004C9A4B /* QTuneTests.swift */ = {isa = PBXFileReference; lastKnownFileType = sourcecode.swift; path = QTuneTests.swift; sourceTree = "<group>"; };
		6E9D24D72E34B4CE004C9A4B /* QTuneUITests.xctest */ = {isa = PBXFileReference; explicitFileType = wrapper.cfbundle; includeInIndex = 0; path = QTuneUITests.xctest; sourceTree = BUILT_PRODUCTS_DIR; };
		6E9D24DB2E34B4CE004C9A4B /* QTuneUITests.swift */ = {isa = PBXFileReference; lastKnownFileType = sourcecode.swift; path = QTuneUITests.swift; sourceTree = "<group>"; };
		6E9D24DD2E34B4CE004C9A4B /* QTuneUITestsLaunchTests.swift */ = {isa = PBXFileReference; lastKnownFileType = sourcecode.swift; path = QTuneUITestsLaunchTests.swift; sourceTree = "<group>"; };
		6E9D24EC2E34BDE8004C9A4B /* RequestVerseState.swift */ = {isa = PBXFileReference; lastKnownFileType = sourcecode.swift; path = RequestVerseState.swift; sourceTree = "<group>"; };
		6E9D24EE2E34BDFA004C9A4B /* RequestVerseAction.swift */ = {isa = PBXFileReference; lastKnownFileType = sourcecode.swift; path = RequestVerseAction.swift; sourceTree = "<group>"; };
		6E9D24F02E34BEEF004C9A4B /* RequestVerseViewModel.swift */ = {isa = PBXFileReference; lastKnownFileType = sourcecode.swift; path = RequestVerseViewModel.swift; sourceTree = "<group>"; };
		6E9D24F22E34BF05004C9A4B /* RequestVerseEffect.swift */ = {isa = PBXFileReference; lastKnownFileType = sourcecode.swift; path = RequestVerseEffect.swift; sourceTree = "<group>"; };
		6E9D24F72E34C003004C9A4B /* GenerateVerseUseCase.swift */ = {isa = PBXFileReference; lastKnownFileType = sourcecode.swift; path = GenerateVerseUseCase.swift; sourceTree = "<group>"; };
		6E9D24FA2E34C0FB004C9A4B /* Verse.swift */ = {isa = PBXFileReference; lastKnownFileType = sourcecode.swift; path = Verse.swift; sourceTree = "<group>"; };
		6E9D24FC2E34C11D004C9A4B /* QT.swift */ = {isa = PBXFileReference; lastKnownFileType = sourcecode.swift; path = QT.swift; sourceTree = "<group>"; };
		6E9D24FE2E34C454004C9A4B /* GeneratedVerse.swift */ = {isa = PBXFileReference; lastKnownFileType = sourcecode.swift; path = GeneratedVerse.swift; sourceTree = "<group>"; };
		6E9D25002E34C68C004C9A4B /* RequestVerseView.swift */ = {isa = PBXFileReference; lastKnownFileType = sourcecode.swift; path = RequestVerseView.swift; sourceTree = "<group>"; };
		6E9D25042E34C905004C9A4B /* GenerateVerseInteractor.swift */ = {isa = PBXFileReference; lastKnownFileType = sourcecode.swift; path = GenerateVerseInteractor.swift; sourceTree = "<group>"; };
		6E9D25072E34C93C004C9A4B /* VerseRepository.swift */ = {isa = PBXFileReference; lastKnownFileType = sourcecode.swift; path = VerseRepository.swift; sourceTree = "<group>"; };
		6E9D250C2E34C989004C9A4B /* DefaultVerseRepository.swift */ = {isa = PBXFileReference; lastKnownFileType = sourcecode.swift; path = DefaultVerseRepository.swift; sourceTree = "<group>"; };
/* End PBXFileReference section */

/* Begin PBXFrameworksBuildPhase section */
		6E9D24BA2E34B4CC004C9A4B /* Frameworks */ = {
			isa = PBXFrameworksBuildPhase;
			buildActionMask = 2147483647;
			files = (
			);
			runOnlyForDeploymentPostprocessing = 0;
		};
		6E9D24CA2E34B4CE004C9A4B /* Frameworks */ = {
			isa = PBXFrameworksBuildPhase;
			buildActionMask = 2147483647;
			files = (
			);
			runOnlyForDeploymentPostprocessing = 0;
		};
		6E9D24D42E34B4CE004C9A4B /* Frameworks */ = {
			isa = PBXFrameworksBuildPhase;
			buildActionMask = 2147483647;
			files = (
			);
			runOnlyForDeploymentPostprocessing = 0;
		};
/* End PBXFrameworksBuildPhase section */

/* Begin PBXGroup section */
		6E9D24B42E34B4CC004C9A4B = {
			isa = PBXGroup;
			children = (
				6E9D24BF2E34B4CC004C9A4B /* QTune */,
				6E9D24D02E34B4CE004C9A4B /* QTuneTests */,
				6E9D24DA2E34B4CE004C9A4B /* QTuneUITests */,
				6E9D24BE2E34B4CC004C9A4B /* Products */,
			);
			sourceTree = "<group>";
		};
		6E9D24BE2E34B4CC004C9A4B /* Products */ = {
			isa = PBXGroup;
			children = (
				6E9D24BD2E34B4CC004C9A4B /* QTune.app */,
				6E9D24CD2E34B4CE004C9A4B /* QTuneTests.xctest */,
				6E9D24D72E34B4CE004C9A4B /* QTuneUITests.xctest */,
			);
			name = Products;
			sourceTree = "<group>";
		};
		6E9D24BF2E34B4CC004C9A4B /* QTune */ = {
			isa = PBXGroup;
			children = (
				6E9D25092E34C951004C9A4B /* Data */,
				6E9D24F52E34BF95004C9A4B /* Domain */,
				6E9D24F42E34BF87004C9A4B /* Presentation */,
				6E9D24C02E34B4CC004C9A4B /* QTuneApp.swift */,
				6E9D24C22E34B4CC004C9A4B /* ContentView.swift */,
				6E9D24C42E34B4CE004C9A4B /* Assets.xcassets */,
				6E9D24C62E34B4CE004C9A4B /* Preview Content */,
			);
			path = QTune;
			sourceTree = "<group>";
		};
		6E9D24C62E34B4CE004C9A4B /* Preview Content */ = {
			isa = PBXGroup;
			children = (
				6E9D24C72E34B4CE004C9A4B /* Preview Assets.xcassets */,
			);
			path = "Preview Content";
			sourceTree = "<group>";
		};
		6E9D24D02E34B4CE004C9A4B /* QTuneTests */ = {
			isa = PBXGroup;
			children = (
				6E9D24D12E34B4CE004C9A4B /* QTuneTests.swift */,
			);
			path = QTuneTests;
			sourceTree = "<group>";
		};
		6E9D24DA2E34B4CE004C9A4B /* QTuneUITests */ = {
			isa = PBXGroup;
			children = (
				6E9D24DB2E34B4CE004C9A4B /* QTuneUITests.swift */,
				6E9D24DD2E34B4CE004C9A4B /* QTuneUITestsLaunchTests.swift */,
			);
			path = QTuneUITests;
			sourceTree = "<group>";
		};
		6E9D24EB2E34BDD6004C9A4B /* RequestVerse */ = {
			isa = PBXGroup;
			children = (
				6E9D24EC2E34BDE8004C9A4B /* RequestVerseState.swift */,
				6E9D24EE2E34BDFA004C9A4B /* RequestVerseAction.swift */,
				6E9D24F22E34BF05004C9A4B /* RequestVerseEffect.swift */,
				6E9D24F02E34BEEF004C9A4B /* RequestVerseViewModel.swift */,
				6E9D25002E34C68C004C9A4B /* RequestVerseView.swift */,
			);
			path = RequestVerse;
			sourceTree = "<group>";
		};
		6E9D24F42E34BF87004C9A4B /* Presentation */ = {
			isa = PBXGroup;
			children = (
				6E9D24EB2E34BDD6004C9A4B /* RequestVerse */,
			);
			path = Presentation;
			sourceTree = "<group>";
		};
		6E9D24F52E34BF95004C9A4B /* Domain */ = {
			isa = PBXGroup;
			children = (
				6E9D24F62E34BFC8004C9A4B /* Verse */,
			);
			path = Domain;
			sourceTree = "<group>";
		};
		6E9D24F62E34BFC8004C9A4B /* Verse */ = {
			isa = PBXGroup;
			children = (
				6E9D25062E34C92E004C9A4B /* Repository */,
				6E9D25032E34C8F7004C9A4B /* UseCase */,
				6E9D24F92E34C0E7004C9A4B /* Entity */,
			);
			path = Verse;
			sourceTree = "<group>";
		};
		6E9D24F92E34C0E7004C9A4B /* Entity */ = {
			isa = PBXGroup;
			children = (
				6E9D24FA2E34C0FB004C9A4B /* Verse.swift */,
				6E9D24FE2E34C454004C9A4B /* GeneratedVerse.swift */,
				6E9D24FC2E34C11D004C9A4B /* QT.swift */,
			);
			path = Entity;
			sourceTree = "<group>";
		};
		6E9D25032E34C8F7004C9A4B /* UseCase */ = {
			isa = PBXGroup;
			children = (
				6E9D24F72E34C003004C9A4B /* GenerateVerseUseCase.swift */,
				6E9D25042E34C905004C9A4B /* GenerateVerseInteractor.swift */,
			);
			path = UseCase;
			sourceTree = "<group>";
		};
		6E9D25062E34C92E004C9A4B /* Repository */ = {
			isa = PBXGroup;
			children = (
				6E9D25072E34C93C004C9A4B /* VerseRepository.swift */,
			);
			path = Repository;
			sourceTree = "<group>";
		};
		6E9D25092E34C951004C9A4B /* Data */ = {
			isa = PBXGroup;
			children = (
				6E9D250A2E34C95D004C9A4B /* Verse */,
			);
			path = Data;
			sourceTree = "<group>";
		};
		6E9D250A2E34C95D004C9A4B /* Verse */ = {
			isa = PBXGroup;
			children = (
				6E9D250B2E34C96F004C9A4B /* Repository */,
			);
			path = Verse;
			sourceTree = "<group>";
		};
		6E9D250B2E34C96F004C9A4B /* Repository */ = {
			isa = PBXGroup;
			children = (
				6E9D250C2E34C989004C9A4B /* DefaultVerseRepository.swift */,
			);
			path = Repository;
			sourceTree = "<group>";
		};
/* End PBXGroup section */

/* Begin PBXNativeTarget section */
		6E9D24BC2E34B4CC004C9A4B /* QTune */ = {
			isa = PBXNativeTarget;
			buildConfigurationList = 6E9D24E12E34B4CE004C9A4B /* Build configuration list for PBXNativeTarget "QTune" */;
			buildPhases = (
				6E9D24B92E34B4CC004C9A4B /* Sources */,
				6E9D24BA2E34B4CC004C9A4B /* Frameworks */,
				6E9D24BB2E34B4CC004C9A4B /* Resources */,
			);
			buildRules = (
			);
			dependencies = (
			);
			name = QTune;
			productName = QTune;
			productReference = 6E9D24BD2E34B4CC004C9A4B /* QTune.app */;
			productType = "com.apple.product-type.application";
		};
		6E9D24CC2E34B4CE004C9A4B /* QTuneTests */ = {
			isa = PBXNativeTarget;
			buildConfigurationList = 6E9D24E42E34B4CE004C9A4B /* Build configuration list for PBXNativeTarget "QTuneTests" */;
			buildPhases = (
				6E9D24C92E34B4CE004C9A4B /* Sources */,
				6E9D24CA2E34B4CE004C9A4B /* Frameworks */,
				6E9D24CB2E34B4CE004C9A4B /* Resources */,
			);
			buildRules = (
			);
			dependencies = (
				6E9D24CF2E34B4CE004C9A4B /* PBXTargetDependency */,
			);
			name = QTuneTests;
			productName = QTuneTests;
			productReference = 6E9D24CD2E34B4CE004C9A4B /* QTuneTests.xctest */;
			productType = "com.apple.product-type.bundle.unit-test";
		};
		6E9D24D62E34B4CE004C9A4B /* QTuneUITests */ = {
			isa = PBXNativeTarget;
			buildConfigurationList = 6E9D24E72E34B4CE004C9A4B /* Build configuration list for PBXNativeTarget "QTuneUITests" */;
			buildPhases = (
				6E9D24D32E34B4CE004C9A4B /* Sources */,
				6E9D24D42E34B4CE004C9A4B /* Frameworks */,
				6E9D24D52E34B4CE004C9A4B /* Resources */,
			);
			buildRules = (
			);
			dependencies = (
				6E9D24D92E34B4CE004C9A4B /* PBXTargetDependency */,
			);
			name = QTuneUITests;
			productName = QTuneUITests;
			productReference = 6E9D24D72E34B4CE004C9A4B /* QTuneUITests.xctest */;
			productType = "com.apple.product-type.bundle.ui-testing";
		};
/* End PBXNativeTarget section */

/* Begin PBXProject section */
		6E9D24B52E34B4CC004C9A4B /* Project object */ = {
			isa = PBXProject;
			attributes = {
				BuildIndependentTargetsInParallel = 1;
				LastSwiftUpdateCheck = 1500;
				LastUpgradeCheck = 1500;
				TargetAttributes = {
					6E9D24BC2E34B4CC004C9A4B = {
						CreatedOnToolsVersion = 15.0.1;
					};
					6E9D24CC2E34B4CE004C9A4B = {
						CreatedOnToolsVersion = 15.0.1;
						TestTargetID = 6E9D24BC2E34B4CC004C9A4B;
					};
					6E9D24D62E34B4CE004C9A4B = {
						CreatedOnToolsVersion = 15.0.1;
						TestTargetID = 6E9D24BC2E34B4CC004C9A4B;
					};
				};
			};
			buildConfigurationList = 6E9D24B82E34B4CC004C9A4B /* Build configuration list for PBXProject "QTune" */;
			compatibilityVersion = "Xcode 14.0";
			developmentRegion = en;
			hasScannedForEncodings = 0;
			knownRegions = (
				en,
				Base,
			);
			mainGroup = 6E9D24B42E34B4CC004C9A4B;
			productRefGroup = 6E9D24BE2E34B4CC004C9A4B /* Products */;
			projectDirPath = "";
			projectRoot = "";
			targets = (
				6E9D24BC2E34B4CC004C9A4B /* QTune */,
				6E9D24CC2E34B4CE004C9A4B /* QTuneTests */,
				6E9D24D62E34B4CE004C9A4B /* QTuneUITests */,
			);
		};
/* End PBXProject section */

/* Begin PBXResourcesBuildPhase section */
		6E9D24BB2E34B4CC004C9A4B /* Resources */ = {
			isa = PBXResourcesBuildPhase;
			buildActionMask = 2147483647;
			files = (
				6E9D24C82E34B4CE004C9A4B /* Preview Assets.xcassets in Resources */,
				6E9D24C52E34B4CE004C9A4B /* Assets.xcassets in Resources */,
			);
			runOnlyForDeploymentPostprocessing = 0;
		};
		6E9D24CB2E34B4CE004C9A4B /* Resources */ = {
			isa = PBXResourcesBuildPhase;
			buildActionMask = 2147483647;
			files = (
			);
			runOnlyForDeploymentPostprocessing = 0;
		};
		6E9D24D52E34B4CE004C9A4B /* Resources */ = {
			isa = PBXResourcesBuildPhase;
			buildActionMask = 2147483647;
			files = (
			);
			runOnlyForDeploymentPostprocessing = 0;
		};
/* End PBXResourcesBuildPhase section */

/* Begin PBXSourcesBuildPhase section */
		6E9D24B92E34B4CC004C9A4B /* Sources */ = {
			isa = PBXSourcesBuildPhase;
			buildActionMask = 2147483647;
			files = (
				6E9D24F12E34BEEF004C9A4B /* RequestVerseViewModel.swift in Sources */,
				6E9D24ED2E34BDE8004C9A4B /* RequestVerseState.swift in Sources */,
				6E9D24FD2E34C11D004C9A4B /* QT.swift in Sources */,
				6E9D24FF2E34C454004C9A4B /* GeneratedVerse.swift in Sources */,
				6E9D24C32E34B4CC004C9A4B /* ContentView.swift in Sources */,
				6E9D24FB2E34C0FB004C9A4B /* Verse.swift in Sources */,
				6E9D250D2E34C989004C9A4B /* DefaultVerseRepository.swift in Sources */,
				6E9D25012E34C68C004C9A4B /* RequestVerseView.swift in Sources */,
				6E9D25052E34C905004C9A4B /* GenerateVerseInteractor.swift in Sources */,
				6E9D24C12E34B4CC004C9A4B /* QTuneApp.swift in Sources */,
				6E9D25082E34C93C004C9A4B /* VerseRepository.swift in Sources */,
				6E9D24F82E34C003004C9A4B /* GenerateVerseUseCase.swift in Sources */,
				6E9D24F32E34BF05004C9A4B /* RequestVerseEffect.swift in Sources */,
				6E9D24EF2E34BDFA004C9A4B /* RequestVerseAction.swift in Sources */,
			);
			runOnlyForDeploymentPostprocessing = 0;
		};
		6E9D24C92E34B4CE004C9A4B /* Sources */ = {
			isa = PBXSourcesBuildPhase;
			buildActionMask = 2147483647;
			files = (
				6E9D24D22E34B4CE004C9A4B /* QTuneTests.swift in Sources */,
			);
			runOnlyForDeploymentPostprocessing = 0;
		};
		6E9D24D32E34B4CE004C9A4B /* Sources */ = {
			isa = PBXSourcesBuildPhase;
			buildActionMask = 2147483647;
			files = (
				6E9D24DE2E34B4CE004C9A4B /* QTuneUITestsLaunchTests.swift in Sources */,
				6E9D24DC2E34B4CE004C9A4B /* QTuneUITests.swift in Sources */,
			);
			runOnlyForDeploymentPostprocessing = 0;
		};
/* End PBXSourcesBuildPhase section */

/* Begin PBXTargetDependency section */
		6E9D24CF2E34B4CE004C9A4B /* PBXTargetDependency */ = {
			isa = PBXTargetDependency;
			target = 6E9D24BC2E34B4CC004C9A4B /* QTune */;
			targetProxy = 6E9D24CE2E34B4CE004C9A4B /* PBXContainerItemProxy */;
		};
		6E9D24D92E34B4CE004C9A4B /* PBXTargetDependency */ = {
			isa = PBXTargetDependency;
			target = 6E9D24BC2E34B4CC004C9A4B /* QTune */;
			targetProxy = 6E9D24D82E34B4CE004C9A4B /* PBXContainerItemProxy */;
		};
/* End PBXTargetDependency section */

/* Begin XCBuildConfiguration section */
		6E9D24DF2E34B4CE004C9A4B /* Debug */ = {
			isa = XCBuildConfiguration;
			buildSettings = {
				ALWAYS_SEARCH_USER_PATHS = NO;
				ASSETCATALOG_COMPILER_GENERATE_SWIFT_ASSET_SYMBOL_EXTENSIONS = YES;
				CLANG_ANALYZER_NONNULL = YES;
				CLANG_ANALYZER_NUMBER_OBJECT_CONVERSION = YES_AGGRESSIVE;
				CLANG_CXX_LANGUAGE_STANDARD = "gnu++20";
				CLANG_ENABLE_MODULES = YES;
				CLANG_ENABLE_OBJC_ARC = YES;
				CLANG_ENABLE_OBJC_WEAK = YES;
				CLANG_WARN_BLOCK_CAPTURE_AUTORELEASING = YES;
				CLANG_WARN_BOOL_CONVERSION = YES;
				CLANG_WARN_COMMA = YES;
				CLANG_WARN_CONSTANT_CONVERSION = YES;
				CLANG_WARN_DEPRECATED_OBJC_IMPLEMENTATIONS = YES;
				CLANG_WARN_DIRECT_OBJC_ISA_USAGE = YES_ERROR;
				CLANG_WARN_DOCUMENTATION_COMMENTS = YES;
				CLANG_WARN_EMPTY_BODY = YES;
				CLANG_WARN_ENUM_CONVERSION = YES;
				CLANG_WARN_INFINITE_RECURSION = YES;
				CLANG_WARN_INT_CONVERSION = YES;
				CLANG_WARN_NON_LITERAL_NULL_CONVERSION = YES;
				CLANG_WARN_OBJC_IMPLICIT_RETAIN_SELF = YES;
				CLANG_WARN_OBJC_LITERAL_CONVERSION = YES;
				CLANG_WARN_OBJC_ROOT_CLASS = YES_ERROR;
				CLANG_WARN_QUOTED_INCLUDE_IN_FRAMEWORK_HEADER = YES;
				CLANG_WARN_RANGE_LOOP_ANALYSIS = YES;
				CLANG_WARN_STRICT_PROTOTYPES = YES;
				CLANG_WARN_SUSPICIOUS_MOVE = YES;
				CLANG_WARN_UNGUARDED_AVAILABILITY = YES_AGGRESSIVE;
				CLANG_WARN_UNREACHABLE_CODE = YES;
				CLANG_WARN__DUPLICATE_METHOD_MATCH = YES;
				COPY_PHASE_STRIP = NO;
				DEBUG_INFORMATION_FORMAT = dwarf;
				ENABLE_STRICT_OBJC_MSGSEND = YES;
				ENABLE_TESTABILITY = YES;
				ENABLE_USER_SCRIPT_SANDBOXING = YES;
				GCC_C_LANGUAGE_STANDARD = gnu17;
				GCC_DYNAMIC_NO_PIC = NO;
				GCC_NO_COMMON_BLOCKS = YES;
				GCC_OPTIMIZATION_LEVEL = 0;
				GCC_PREPROCESSOR_DEFINITIONS = (
					"DEBUG=1",
					"$(inherited)",
				);
				GCC_WARN_64_TO_32_BIT_CONVERSION = YES;
				GCC_WARN_ABOUT_RETURN_TYPE = YES_ERROR;
				GCC_WARN_UNDECLARED_SELECTOR = YES;
				GCC_WARN_UNINITIALIZED_AUTOS = YES_AGGRESSIVE;
				GCC_WARN_UNUSED_FUNCTION = YES;
				GCC_WARN_UNUSED_VARIABLE = YES;
				IPHONEOS_DEPLOYMENT_TARGET = 17.0;
				LOCALIZATION_PREFERS_STRING_CATALOGS = YES;
				MTL_ENABLE_DEBUG_INFO = INCLUDE_SOURCE;
				MTL_FAST_MATH = YES;
				ONLY_ACTIVE_ARCH = YES;
				SDKROOT = iphoneos;
				SWIFT_ACTIVE_COMPILATION_CONDITIONS = "DEBUG $(inherited)";
				SWIFT_OPTIMIZATION_LEVEL = "-Onone";
			};
			name = Debug;
		};
		6E9D24E02E34B4CE004C9A4B /* Release */ = {
			isa = XCBuildConfiguration;
			buildSettings = {
				ALWAYS_SEARCH_USER_PATHS = NO;
				ASSETCATALOG_COMPILER_GENERATE_SWIFT_ASSET_SYMBOL_EXTENSIONS = YES;
				CLANG_ANALYZER_NONNULL = YES;
				CLANG_ANALYZER_NUMBER_OBJECT_CONVERSION = YES_AGGRESSIVE;
				CLANG_CXX_LANGUAGE_STANDARD = "gnu++20";
				CLANG_ENABLE_MODULES = YES;
				CLANG_ENABLE_OBJC_ARC = YES;
				CLANG_ENABLE_OBJC_WEAK = YES;
				CLANG_WARN_BLOCK_CAPTURE_AUTORELEASING = YES;
				CLANG_WARN_BOOL_CONVERSION = YES;
				CLANG_WARN_COMMA = YES;
				CLANG_WARN_CONSTANT_CONVERSION = YES;
				CLANG_WARN_DEPRECATED_OBJC_IMPLEMENTATIONS = YES;
				CLANG_WARN_DIRECT_OBJC_ISA_USAGE = YES_ERROR;
				CLANG_WARN_DOCUMENTATION_COMMENTS = YES;
				CLANG_WARN_EMPTY_BODY = YES;
				CLANG_WARN_ENUM_CONVERSION = YES;
				CLANG_WARN_INFINITE_RECURSION = YES;
				CLANG_WARN_INT_CONVERSION = YES;
				CLANG_WARN_NON_LITERAL_NULL_CONVERSION = YES;
				CLANG_WARN_OBJC_IMPLICIT_RETAIN_SELF = YES;
				CLANG_WARN_OBJC_LITERAL_CONVERSION = YES;
				CLANG_WARN_OBJC_ROOT_CLASS = YES_ERROR;
				CLANG_WARN_QUOTED_INCLUDE_IN_FRAMEWORK_HEADER = YES;
				CLANG_WARN_RANGE_LOOP_ANALYSIS = YES;
				CLANG_WARN_STRICT_PROTOTYPES = YES;
				CLANG_WARN_SUSPICIOUS_MOVE = YES;
				CLANG_WARN_UNGUARDED_AVAILABILITY = YES_AGGRESSIVE;
				CLANG_WARN_UNREACHABLE_CODE = YES;
				CLANG_WARN__DUPLICATE_METHOD_MATCH = YES;
				COPY_PHASE_STRIP = NO;
				DEBUG_INFORMATION_FORMAT = "dwarf-with-dsym";
				ENABLE_NS_ASSERTIONS = NO;
				ENABLE_STRICT_OBJC_MSGSEND = YES;
				ENABLE_USER_SCRIPT_SANDBOXING = YES;
				GCC_C_LANGUAGE_STANDARD = gnu17;
				GCC_NO_COMMON_BLOCKS = YES;
				GCC_WARN_64_TO_32_BIT_CONVERSION = YES;
				GCC_WARN_ABOUT_RETURN_TYPE = YES_ERROR;
				GCC_WARN_UNDECLARED_SELECTOR = YES;
				GCC_WARN_UNINITIALIZED_AUTOS = YES_AGGRESSIVE;
				GCC_WARN_UNUSED_FUNCTION = YES;
				GCC_WARN_UNUSED_VARIABLE = YES;
				IPHONEOS_DEPLOYMENT_TARGET = 17.0;
				LOCALIZATION_PREFERS_STRING_CATALOGS = YES;
				MTL_ENABLE_DEBUG_INFO = NO;
				MTL_FAST_MATH = YES;
				SDKROOT = iphoneos;
				SWIFT_COMPILATION_MODE = wholemodule;
				VALIDATE_PRODUCT = YES;
			};
			name = Release;
		};
		6E9D24E22E34B4CE004C9A4B /* Debug */ = {
			isa = XCBuildConfiguration;
			buildSettings = {
				ASSETCATALOG_COMPILER_APPICON_NAME = AppIcon;
				ASSETCATALOG_COMPILER_GLOBAL_ACCENT_COLOR_NAME = AccentColor;
				CODE_SIGN_STYLE = Automatic;
				CURRENT_PROJECT_VERSION = 1;
				DEVELOPMENT_ASSET_PATHS = "\"QTune/Preview Content\"";
				ENABLE_PREVIEWS = YES;
				GENERATE_INFOPLIST_FILE = YES;
				INFOPLIST_KEY_UIApplicationSceneManifest_Generation = YES;
				INFOPLIST_KEY_UIApplicationSupportsIndirectInputEvents = YES;
				INFOPLIST_KEY_UILaunchScreen_Generation = YES;
				INFOPLIST_KEY_UISupportedInterfaceOrientations_iPad = "UIInterfaceOrientationPortrait UIInterfaceOrientationPortraitUpsideDown UIInterfaceOrientationLandscapeLeft UIInterfaceOrientationLandscapeRight";
				INFOPLIST_KEY_UISupportedInterfaceOrientations_iPhone = "UIInterfaceOrientationPortrait UIInterfaceOrientationLandscapeLeft UIInterfaceOrientationLandscapeRight";
				LD_RUNPATH_SEARCH_PATHS = (
					"$(inherited)",
					"@executable_path/Frameworks",
				);
				MARKETING_VERSION = 1.0;
				PRODUCT_BUNDLE_IDENTIFIER = com.inju.QTune;
				PRODUCT_NAME = "$(TARGET_NAME)";
				SWIFT_EMIT_LOC_STRINGS = YES;
				SWIFT_VERSION = 5.0;
				TARGETED_DEVICE_FAMILY = "1,2";
			};
			name = Debug;
		};
		6E9D24E32E34B4CE004C9A4B /* Release */ = {
			isa = XCBuildConfiguration;
			buildSettings = {
				ASSETCATALOG_COMPILER_APPICON_NAME = AppIcon;
				ASSETCATALOG_COMPILER_GLOBAL_ACCENT_COLOR_NAME = AccentColor;
				CODE_SIGN_STYLE = Automatic;
				CURRENT_PROJECT_VERSION = 1;
				DEVELOPMENT_ASSET_PATHS = "\"QTune/Preview Content\"";
				ENABLE_PREVIEWS = YES;
				GENERATE_INFOPLIST_FILE = YES;
				INFOPLIST_KEY_UIApplicationSceneManifest_Generation = YES;
				INFOPLIST_KEY_UIApplicationSupportsIndirectInputEvents = YES;
				INFOPLIST_KEY_UILaunchScreen_Generation = YES;
				INFOPLIST_KEY_UISupportedInterfaceOrientations_iPad = "UIInterfaceOrientationPortrait UIInterfaceOrientationPortraitUpsideDown UIInterfaceOrientationLandscapeLeft UIInterfaceOrientationLandscapeRight";
				INFOPLIST_KEY_UISupportedInterfaceOrientations_iPhone = "UIInterfaceOrientationPortrait UIInterfaceOrientationLandscapeLeft UIInterfaceOrientationLandscapeRight";
				LD_RUNPATH_SEARCH_PATHS = (
					"$(inherited)",
					"@executable_path/Frameworks",
				);
				MARKETING_VERSION = 1.0;
				PRODUCT_BUNDLE_IDENTIFIER = com.inju.QTune;
				PRODUCT_NAME = "$(TARGET_NAME)";
				SWIFT_EMIT_LOC_STRINGS = YES;
				SWIFT_VERSION = 5.0;
				TARGETED_DEVICE_FAMILY = "1,2";
			};
			name = Release;
		};
		6E9D24E52E34B4CE004C9A4B /* Debug */ = {
			isa = XCBuildConfiguration;
			buildSettings = {
				ALWAYS_EMBED_SWIFT_STANDARD_LIBRARIES = YES;
				BUNDLE_LOADER = "$(TEST_HOST)";
				CODE_SIGN_STYLE = Automatic;
				CURRENT_PROJECT_VERSION = 1;
				GENERATE_INFOPLIST_FILE = YES;
				IPHONEOS_DEPLOYMENT_TARGET = 17.0;
				MARKETING_VERSION = 1.0;
				PRODUCT_BUNDLE_IDENTIFIER = com.inju.QTuneTests;
				PRODUCT_NAME = "$(TARGET_NAME)";
				SWIFT_EMIT_LOC_STRINGS = NO;
				SWIFT_VERSION = 5.0;
				TARGETED_DEVICE_FAMILY = "1,2";
				TEST_HOST = "$(BUILT_PRODUCTS_DIR)/QTune.app/$(BUNDLE_EXECUTABLE_FOLDER_PATH)/QTune";
			};
			name = Debug;
		};
		6E9D24E62E34B4CE004C9A4B /* Release */ = {
			isa = XCBuildConfiguration;
			buildSettings = {
				ALWAYS_EMBED_SWIFT_STANDARD_LIBRARIES = YES;
				BUNDLE_LOADER = "$(TEST_HOST)";
				CODE_SIGN_STYLE = Automatic;
				CURRENT_PROJECT_VERSION = 1;
				GENERATE_INFOPLIST_FILE = YES;
				IPHONEOS_DEPLOYMENT_TARGET = 17.0;
				MARKETING_VERSION = 1.0;
				PRODUCT_BUNDLE_IDENTIFIER = com.inju.QTuneTests;
				PRODUCT_NAME = "$(TARGET_NAME)";
				SWIFT_EMIT_LOC_STRINGS = NO;
				SWIFT_VERSION = 5.0;
				TARGETED_DEVICE_FAMILY = "1,2";
				TEST_HOST = "$(BUILT_PRODUCTS_DIR)/QTune.app/$(BUNDLE_EXECUTABLE_FOLDER_PATH)/QTune";
			};
			name = Release;
		};
		6E9D24E82E34B4CE004C9A4B /* Debug */ = {
			isa = XCBuildConfiguration;
			buildSettings = {
				ALWAYS_EMBED_SWIFT_STANDARD_LIBRARIES = YES;
				CODE_SIGN_STYLE = Automatic;
				CURRENT_PROJECT_VERSION = 1;
				GENERATE_INFOPLIST_FILE = YES;
				MARKETING_VERSION = 1.0;
				PRODUCT_BUNDLE_IDENTIFIER = com.inju.QTuneUITests;
				PRODUCT_NAME = "$(TARGET_NAME)";
				SWIFT_EMIT_LOC_STRINGS = NO;
				SWIFT_VERSION = 5.0;
				TARGETED_DEVICE_FAMILY = "1,2";
				TEST_TARGET_NAME = QTune;
			};
			name = Debug;
		};
		6E9D24E92E34B4CE004C9A4B /* Release */ = {
			isa = XCBuildConfiguration;
			buildSettings = {
				ALWAYS_EMBED_SWIFT_STANDARD_LIBRARIES = YES;
				CODE_SIGN_STYLE = Automatic;
				CURRENT_PROJECT_VERSION = 1;
				GENERATE_INFOPLIST_FILE = YES;
				MARKETING_VERSION = 1.0;
				PRODUCT_BUNDLE_IDENTIFIER = com.inju.QTuneUITests;
				PRODUCT_NAME = "$(TARGET_NAME)";
				SWIFT_EMIT_LOC_STRINGS = NO;
				SWIFT_VERSION = 5.0;
				TARGETED_DEVICE_FAMILY = "1,2";
				TEST_TARGET_NAME = QTune;
			};
			name = Release;
		};
/* End XCBuildConfiguration section */

/* Begin XCConfigurationList section */
		6E9D24B82E34B4CC004C9A4B /* Build configuration list for PBXProject "QTune" */ = {
			isa = XCConfigurationList;
			buildConfigurations = (
				6E9D24DF2E34B4CE004C9A4B /* Debug */,
				6E9D24E02E34B4CE004C9A4B /* Release */,
			);
			defaultConfigurationIsVisible = 0;
			defaultConfigurationName = Release;
		};
		6E9D24E12E34B4CE004C9A4B /* Build configuration list for PBXNativeTarget "QTune" */ = {
			isa = XCConfigurationList;
			buildConfigurations = (
				6E9D24E22E34B4CE004C9A4B /* Debug */,
				6E9D24E32E34B4CE004C9A4B /* Release */,
			);
			defaultConfigurationIsVisible = 0;
			defaultConfigurationName = Release;
		};
		6E9D24E42E34B4CE004C9A4B /* Build configuration list for PBXNativeTarget "QTuneTests" */ = {
			isa = XCConfigurationList;
			buildConfigurations = (
				6E9D24E52E34B4CE004C9A4B /* Debug */,
				6E9D24E62E34B4CE004C9A4B /* Release */,
			);
			defaultConfigurationIsVisible = 0;
			defaultConfigurationName = Release;
		};
		6E9D24E72E34B4CE004C9A4B /* Build configuration list for PBXNativeTarget "QTuneUITests" */ = {
			isa = XCConfigurationList;
			buildConfigurations = (
				6E9D24E82E34B4CE004C9A4B /* Debug */,
				6E9D24E92E34B4CE004C9A4B /* Release */,
			);
			defaultConfigurationIsVisible = 0;
			defaultConfigurationName = Release;
		};
/* End XCConfigurationList section */
	};
	rootObject = 6E9D24B52E34B4CC004C9A4B /* Project object */;
}
